
Microsoft Visual Studio Solution File, Format Version 12.00
# Visual Studio Version 17
VisualStudioVersion = 17.5.33530.505
MinimumVisualStudioVersion = 10.0.40219.1
Project("{8BC9CEB8-8B4A-11D0-8D11-00A0C91BC942}") = "Hazel", "Hazel\Hazel.vcxproj", "{EC1EB26D-2401-4CA4-867B-1EDEBB07C486}"
EndProject
Project("{8BC9CEB8-8B4A-11D0-8D11-00A0C91BC942}") = "Sandbox", "Sandbox\Sandbox.vcxproj", "{3A3C638D-2B06-4FA3-AAD9-294C09E4203E}"
EndProject
Global
	GlobalSection(SolutionConfigurationPlatforms) = preSolution
		Debug|x64 = Debug|x64
		Release|x64 = Release|x64
	EndGlobalSection
	GlobalSection(ProjectConfigurationPlatforms) = postSolution
		{EC1EB26D-2401-4CA4-867B-1EDEBB07C486}.Debug|x64.ActiveCfg = Debug|x64
		{EC1EB26D-2401-4CA4-867B-1EDEBB07C486}.Debug|x64.Build.0 = Debug|x64
		{EC1EB26D-2401-4CA4-867B-1EDEBB07C486}.Release|x64.ActiveCfg = Release|x64
		{EC1EB26D-2401-4CA4-867B-1EDEBB07C486}.Release|x64.Build.0 = Release|x64
		{3A3C638D-2B06-4FA3-AAD9-294C09E4203E}.Debug|x64.ActiveCfg = Debug|x64
		{3A3C638D-2B06-4FA3-AAD9-294C09E4203E}.Debug|x64.Build.0 = Debug|x64
		{3A3C638D-2B06-4FA3-AAD9-294C09E4203E}.Release|x64.ActiveCfg = Release|x64
		{3A3C638D-2B06-4FA3-AAD9-294C09E4203E}.Release|x64.Build.0 = Release|x64
	EndGlobalSection
	GlobalSection(SolutionProperties) = preSolution
		HideSolutionNode = FALSE
	EndGlobalSection
	GlobalSection(ExtensibilityGlobals) = postSolution
		SolutionGuid = {94EBDC7E-91EE-4B8C-AEDA-2537177A737E}
	EndGlobalSection
EndGlobal
